
Microsoft Visual Studio Solution File, Format Version 12.00
# Visual Studio 2012
Project("{FAE04EC0-301F-11D3-BF4B-00C04F79EFBC}") = "TypeTime", "TypeTime\TypeTime.csproj", "{5328445D-5FD1-40C5-BEB9-B4D8DE6EAB80}"
EndProject
Project("{FAE04EC0-301F-11D3-BF4B-00C04F79EFBC}") = "TextManager", "TextManager\TextManager.csproj", "{CD3BE441-85EC-4770-A0DD-21966F5E5B05}"
EndProject
Global
	GlobalSection(SolutionConfigurationPlatforms) = preSolution
		Debug|x86 = Debug|x86
		Release|x86 = Release|x86
	EndGlobalSection
	GlobalSection(ProjectConfigurationPlatforms) = postSolution
		{5328445D-5FD1-40C5-BEB9-B4D8DE6EAB80}.Debug|x86.ActiveCfg = Debug|x86
		{5328445D-5FD1-40C5-BEB9-B4D8DE6EAB80}.Debug|x86.Build.0 = Debug|x86
		{5328445D-5FD1-40C5-BEB9-B4D8DE6EAB80}.Release|x86.ActiveCfg = Release|x86
		{5328445D-5FD1-40C5-BEB9-B4D8DE6EAB80}.Release|x86.Build.0 = Release|x86
		{CD3BE441-85EC-4770-A0DD-21966F5E5B05}.Debug|x86.ActiveCfg = Debug|x86
		{CD3BE441-85EC-4770-A0DD-21966F5E5B05}.Debug|x86.Build.0 = Debug|x86
		{CD3BE441-85EC-4770-A0DD-21966F5E5B05}.Release|x86.ActiveCfg = Release|x86
		{CD3BE441-85EC-4770-A0DD-21966F5E5B05}.Release|x86.Build.0 = Release|x86
	EndGlobalSection
	GlobalSection(MonoDevelopProperties) = preSolution
		StartupItem = TypeTime\TypeTime.csproj
	EndGlobalSection
EndGlobal
